
Microsoft Visual Studio Solution File, Format Version 12.00
# Visual Studio Version 17
VisualStudioVersion = 17.3.32825.248
MinimumVisualStudioVersion = 10.0.40219.1
Project("{FAE04EC0-301F-11D3-BF4B-00C04F79EFBC}") = "Williot_TP2_IP", "Williot_TP2_IP\Williot_TP2_IP.csproj", "{AE39A514-9821-4383-92CB-A71702CABC48}"
EndProject
Global
	GlobalSection(SolutionConfigurationPlatforms) = preSolution
		Debug|Any CPU = Debug|Any CPU
		Release|Any CPU = Release|Any CPU
	EndGlobalSection
	GlobalSection(ProjectConfigurationPlatforms) = postSolution
		{AE39A514-9821-4383-92CB-A71702CABC48}.Debug|Any CPU.ActiveCfg = Debug|Any CPU
		{AE39A514-9821-4383-92CB-A71702CABC48}.Debug|Any CPU.Build.0 = Debug|Any CPU
		{AE39A514-9821-4383-92CB-A71702CABC48}.Release|Any CPU.ActiveCfg = Release|Any CPU
		{AE39A514-9821-4383-92CB-A71702CABC48}.Release|Any CPU.Build.0 = Release|Any CPU
	EndGlobalSection
	GlobalSection(SolutionProperties) = preSolution
		HideSolutionNode = FALSE
	EndGlobalSection
	GlobalSection(ExtensibilityGlobals) = postSolution
		SolutionGuid = {3827E717-FAD1-412C-95E7-7A885B20AB52}
	EndGlobalSection
EndGlobal
